PODS:
  - AFNetworking (2.5.2):
    - AFNetworking/NSURLConnection (= 2.5.2)
    - AFNetworking/NSURLSession (= 2.5.2)
    - AFNetworking/Reachability (= 2.5.2)
    - AFNetworking/Security (= 2.5.2)
    - AFNetworking/Serialization (= 2.5.2)
    - AFNetworking/UIKit (= 2.5.2)
  - AFNetworking/NSURLConnection (2.5.2):
    - AFNetworking/Reachability
    - AFNetworking/Security
    - AFNetworking/Serialization
  - AFNetworking/NSURLSession (2.5.2):
    - AFNetworking/Reachability
    - AFNetworking/Security
    - AFNetworking/Serialization
  - AFNetworking/Reachability (2.5.2)
  - AFNetworking/Security (2.5.2)
  - AFNetworking/Serialization (2.5.2)
  - AFNetworking/UIKit (2.5.2):
    - AFNetworking/NSURLConnection
    - AFNetworking/NSURLSession
  - iRate (1.11.3)
  - OpenUDID (1.0.0)
  - Qiniu (7.0.9.1):
    - AFNetworking (~> 2.0)
  - SDWebImage (3.7.2):
    - SDWebImage/Core (= 3.7.2)
  - SDWebImage/Core (3.7.2)
  - TMCache (1.2.4)
  - UMengAnalytics-NO-IDFA (3.4.7)

DEPENDENCIES:
  - AFNetworking (~> 2.5.2)
  - iRate (~> 1.11)
  - OpenUDID (~> 1.0.0)
  - Qiniu (~> 7.0)
  - SDWebImage (~> 3.7.1)
  - TMCache (~> 1.2)
  - UMengAnalytics-NO-IDFA

SPEC CHECKSUMS:
  AFNetworking: fefbce9660acb17f48ae0011292d4da0f457bf36
  iRate: 09ef501c74ade02013348bc33225ea48f7aa4e55
  OpenUDID: e7cb6984c7304906ad20f3a36bf087b025896b6b
  Qiniu: cd281425298a3f30495135ab9a9442bf400dab28
  SDWebImage: 71b7cdc1d1721d6a82ed62889030225f2c249e29
  TMCache: a93984b045a5ee84bd8941bd5e0b54296059cc52
  UMengAnalytics-NO-IDFA: 68a71671c10067315339fc3fd1283be416f02a8b

COCOAPODS: 0.35.0
