// !$*UTF8*$!
{
	archiveVersion = 1;
	classes = {
	};
	objectVersion = 46;
	objects = {

/* Begin PBXBuildFile section */
		D955E34F19E6508D00047F2B /* DestinationViewController.m in Sources */ = {isa = PBXBuildFile; fileRef = D955E34E19E6508D00047F2B /* DestinationViewController.m */; };
		D955E35219E6538B00047F2B /* DestinationToolBar.m in Sources */ = {isa = PBXBuildFile; fileRef = D955E35119E6538B00047F2B /* DestinationToolBar.m */; };
		D955E35619E65D1B00047F2B /* DomesticDestinationCell.m in Sources */ = {isa = PBXBuildFile; fileRef = D955E35419E65D1B00047F2B /* DomesticDestinationCell.m */; };
		D955E35719E65D1B00047F2B /* DomesticDestinationCell.xib in Resources */ = {isa = PBXBuildFile; fileRef = D955E35519E65D1B00047F2B /* DomesticDestinationCell.xib */; };
		D955E35B19E6634100047F2B /* Destinations.m in Sources */ = {isa = PBXBuildFile; fileRef = D955E35A19E6634100047F2B /* Destinations.m */; };
		D955E35E19E6694500047F2B /* DestinationCityPoi.m in Sources */ = {isa = PBXBuildFile; fileRef = D955E35D19E6694500047F2B /* DestinationCityPoi.m */; };
		D955E36319E669B000047F2B /* SuperPoi.m in Sources */ = {isa = PBXBuildFile; fileRef = D955E36219E669AF00047F2B /* SuperPoi.m */; };
		D955E38819E67AD600047F2B /* MKAnnotationView+WebCache.m in Sources */ = {isa = PBXBuildFile; fileRef = D955E36819E67AD600047F2B /* MKAnnotationView+WebCache.m */; };
		D955E38919E67AD600047F2B /* NSData+ImageContentType.m in Sources */ = {isa = PBXBuildFile; fileRef = D955E36A19E67AD600047F2B /* NSData+ImageContentType.m */; };
		D955E38A19E67AD600047F2B /* SDImageCache.m in Sources */ = {isa = PBXBuildFile; fileRef = D955E36C19E67AD600047F2B /* SDImageCache.m */; };
		D955E38B19E67AD600047F2B /* SDWebImageCompat.m in Sources */ = {isa = PBXBuildFile; fileRef = D955E36E19E67AD600047F2B /* SDWebImageCompat.m */; };
		D955E38C19E67AD600047F2B /* SDWebImageDecoder.m in Sources */ = {isa = PBXBuildFile; fileRef = D955E37019E67AD600047F2B /* SDWebImageDecoder.m */; };
		D955E38D19E67AD600047F2B /* SDWebImageDownloader.m in Sources */ = {isa = PBXBuildFile; fileRef = D955E37219E67AD600047F2B /* SDWebImageDownloader.m */; };
		D955E38E19E67AD600047F2B /* SDWebImageDownloaderOperation.m in Sources */ = {isa = PBXBuildFile; fileRef = D955E37419E67AD600047F2B /* SDWebImageDownloaderOperation.m */; };
		D955E38F19E67AD600047F2B /* SDWebImageManager.m in Sources */ = {isa = PBXBuildFile; fileRef = D955E37619E67AD600047F2B /* SDWebImageManager.m */; };
		D955E39019E67AD600047F2B /* SDWebImagePrefetcher.m in Sources */ = {isa = PBXBuildFile; fileRef = D955E37919E67AD600047F2B /* SDWebImagePrefetcher.m */; };
		D955E39119E67AD600047F2B /* UIButton+WebCache.m in Sources */ = {isa = PBXBuildFile; fileRef = D955E37B19E67AD600047F2B /* UIButton+WebCache.m */; };
		D955E39219E67AD600047F2B /* UIImage+GIF.m in Sources */ = {isa = PBXBuildFile; fileRef = D955E37D19E67AD600047F2B /* UIImage+GIF.m */; };
		D955E39319E67AD600047F2B /* UIImage+MultiFormat.m in Sources */ = {isa = PBXBuildFile; fileRef = D955E37F19E67AD600047F2B /* UIImage+MultiFormat.m */; };
		D955E39419E67AD600047F2B /* UIImage+WebP.m in Sources */ = {isa = PBXBuildFile; fileRef = D955E38119E67AD600047F2B /* UIImage+WebP.m */; };
		D955E39519E67AD600047F2B /* UIImageView+HighlightedWebCache.m in Sources */ = {isa = PBXBuildFile; fileRef = D955E38319E67AD600047F2B /* UIImageView+HighlightedWebCache.m */; };
		D955E39619E67AD600047F2B /* UIImageView+WebCache.m in Sources */ = {isa = PBXBuildFile; fileRef = D955E38519E67AD600047F2B /* UIImageView+WebCache.m */; };
		D955E39719E67AD600047F2B /* UIView+WebCacheOperation.m in Sources */ = {isa = PBXBuildFile; fileRef = D955E38719E67AD600047F2B /* UIView+WebCacheOperation.m */; };
		D955E39A19E682D900047F2B /* DestinationCollectionHeaderView.m in Sources */ = {isa = PBXBuildFile; fileRef = D955E39919E682D900047F2B /* DestinationCollectionHeaderView.m */; };
		D955E39E19E6B69100047F2B /* ForeignDestinationCell.m in Sources */ = {isa = PBXBuildFile; fileRef = D955E39C19E6B69100047F2B /* ForeignDestinationCell.m */; };
		D955E39F19E6B69100047F2B /* ForeignDestinationCell.xib in Resources */ = {isa = PBXBuildFile; fileRef = D955E39D19E6B69100047F2B /* ForeignDestinationCell.xib */; };
		D955E3A219E6B9AC00047F2B /* DestinationCountryPoi.m in Sources */ = {isa = PBXBuildFile; fileRef = D955E3A119E6B9AC00047F2B /* DestinationCountryPoi.m */; };
		D99D8ECB19C8600C0021C25B /* main.m in Sources */ = {isa = PBXBuildFile; fileRef = D99D8ECA19C8600C0021C25B /* main.m */; };
		D99D8ECE19C8600C0021C25B /* AppDelegate.m in Sources */ = {isa = PBXBuildFile; fileRef = D99D8ECD19C8600C0021C25B /* AppDelegate.m */; };
		D99D8ED419C8600C0021C25B /* Main.storyboard in Resources */ = {isa = PBXBuildFile; fileRef = D99D8ED219C8600C0021C25B /* Main.storyboard */; };
		D99D8ED619C8600C0021C25B /* Images.xcassets in Resources */ = {isa = PBXBuildFile; fileRef = D99D8ED519C8600C0021C25B /* Images.xcassets */; };
		D99D8ED919C8600C0021C25B /* LaunchScreen.xib in Resources */ = {isa = PBXBuildFile; fileRef = D99D8ED719C8600C0021C25B /* LaunchScreen.xib */; };
		D99D8EE519C8600C0021C25B /* PeachTravelTests.m in Sources */ = {isa = PBXBuildFile; fileRef = D99D8EE419C8600C0021C25B /* PeachTravelTests.m */; };
		D9F3613619E41A51000F379F /* MineTableViewController.m in Sources */ = {isa = PBXBuildFile; fileRef = D9F3613519E41A51000F379F /* MineTableViewController.m */; };
		D9F3613F19E42360000F379F /* LoginTableViewCell.m in Sources */ = {isa = PBXBuildFile; fileRef = D9F3613D19E42360000F379F /* LoginTableViewCell.m */; };
		D9F3614019E42360000F379F /* LoginTableViewCell.xib in Resources */ = {isa = PBXBuildFile; fileRef = D9F3613E19E42360000F379F /* LoginTableViewCell.xib */; };
/* End PBXBuildFile section */

/* Begin PBXContainerItemProxy section */
		D99D8EDF19C8600C0021C25B /* PBXContainerItemProxy */ = {
			isa = PBXContainerItemProxy;
			containerPortal = D99D8EBD19C8600C0021C25B /* Project object */;
			proxyType = 1;
			remoteGlobalIDString = D99D8EC419C8600C0021C25B;
			remoteInfo = PeachTravel;
		};
/* End PBXContainerItemProxy section */

/* Begin PBXFileReference section */
		D955E34D19E6508D00047F2B /* DestinationViewController.h */ = {isa = PBXFileReference; fileEncoding = 4; lastKnownFileType = sourcecode.c.h; path = DestinationViewController.h; sourceTree = "<group>"; };
		D955E34E19E6508D00047F2B /* DestinationViewController.m */ = {isa = PBXFileReference; fileEncoding = 4; lastKnownFileType = sourcecode.c.objc; path = DestinationViewController.m; sourceTree = "<group>"; };
		D955E35019E6538B00047F2B /* DestinationToolBar.h */ = {isa = PBXFileReference; fileEncoding = 4; lastKnownFileType = sourcecode.c.h; path = DestinationToolBar.h; sourceTree = "<group>"; };
		D955E35119E6538B00047F2B /* DestinationToolBar.m */ = {isa = PBXFileReference; fileEncoding = 4; lastKnownFileType = sourcecode.c.objc; path = DestinationToolBar.m; sourceTree = "<group>"; };
		D955E35319E65D1B00047F2B /* DomesticDestinationCell.h */ = {isa = PBXFileReference; fileEncoding = 4; lastKnownFileType = sourcecode.c.h; path = DomesticDestinationCell.h; sourceTree = "<group>"; };
		D955E35419E65D1B00047F2B /* DomesticDestinationCell.m */ = {isa = PBXFileReference; fileEncoding = 4; lastKnownFileType = sourcecode.c.objc; path = DomesticDestinationCell.m; sourceTree = "<group>"; };
		D955E35519E65D1B00047F2B /* DomesticDestinationCell.xib */ = {isa = PBXFileReference; fileEncoding = 4; lastKnownFileType = file.xib; path = DomesticDestinationCell.xib; sourceTree = "<group>"; };
		D955E35919E6634100047F2B /* Destinations.h */ = {isa = PBXFileReference; fileEncoding = 4; lastKnownFileType = sourcecode.c.h; path = Destinations.h; sourceTree = "<group>"; };
		D955E35A19E6634100047F2B /* Destinations.m */ = {isa = PBXFileReference; fileEncoding = 4; lastKnownFileType = sourcecode.c.objc; path = Destinations.m; sourceTree = "<group>"; };
		D955E35C19E6694500047F2B /* DestinationCityPoi.h */ = {isa = PBXFileReference; fileEncoding = 4; lastKnownFileType = sourcecode.c.h; path = DestinationCityPoi.h; sourceTree = "<group>"; };
		D955E35D19E6694500047F2B /* DestinationCityPoi.m */ = {isa = PBXFileReference; fileEncoding = 4; lastKnownFileType = sourcecode.c.objc; path = DestinationCityPoi.m; sourceTree = "<group>"; };
		D955E36119E669AF00047F2B /* SuperPoi.h */ = {isa = PBXFileReference; fileEncoding = 4; lastKnownFileType = sourcecode.c.h; path = SuperPoi.h; sourceTree = "<group>"; };
		D955E36219E669AF00047F2B /* SuperPoi.m */ = {isa = PBXFileReference; fileEncoding = 4; lastKnownFileType = sourcecode.c.objc; path = SuperPoi.m; sourceTree = "<group>"; };
		D955E36719E67AD600047F2B /* MKAnnotationView+WebCache.h */ = {isa = PBXFileReference; fileEncoding = 4; lastKnownFileType = sourcecode.c.h; path = "MKAnnotationView+WebCache.h"; sourceTree = "<group>"; };
		D955E36819E67AD600047F2B /* MKAnnotationView+WebCache.m */ = {isa = PBXFileReference; fileEncoding = 4; lastKnownFileType = sourcecode.c.objc; path = "MKAnnotationView+WebCache.m"; sourceTree = "<group>"; };
		D955E36919E67AD600047F2B /* NSData+ImageContentType.h */ = {isa = PBXFileReference; fileEncoding = 4; lastKnownFileType = sourcecode.c.h; path = "NSData+ImageContentType.h"; sourceTree = "<group>"; };
		D955E36A19E67AD600047F2B /* NSData+ImageContentType.m */ = {isa = PBXFileReference; fileEncoding = 4; lastKnownFileType = sourcecode.c.objc; path = "NSData+ImageContentType.m"; sourceTree = "<group>"; };
		D955E36B19E67AD600047F2B /* SDImageCache.h */ = {isa = PBXFileReference; fileEncoding = 4; lastKnownFileType = sourcecode.c.h; path = SDImageCache.h; sourceTree = "<group>"; };
		D955E36C19E67AD600047F2B /* SDImageCache.m */ = {isa = PBXFileReference; fileEncoding = 4; lastKnownFileType = sourcecode.c.objc; path = SDImageCache.m; sourceTree = "<group>"; };
		D955E36D19E67AD600047F2B /* SDWebImageCompat.h */ = {isa = PBXFileReference; fileEncoding = 4; lastKnownFileType = sourcecode.c.h; path = SDWebImageCompat.h; sourceTree = "<group>"; };
		D955E36E19E67AD600047F2B /* SDWebImageCompat.m */ = {isa = PBXFileReference; fileEncoding = 4; lastKnownFileType = sourcecode.c.objc; path = SDWebImageCompat.m; sourceTree = "<group>"; };
		D955E36F19E67AD600047F2B /* SDWebImageDecoder.h */ = {isa = PBXFileReference; fileEncoding = 4; lastKnownFileType = sourcecode.c.h; path = SDWebImageDecoder.h; sourceTree = "<group>"; };
		D955E37019E67AD600047F2B /* SDWebImageDecoder.m */ = {isa = PBXFileReference; fileEncoding = 4; lastKnownFileType = sourcecode.c.objc; path = SDWebImageDecoder.m; sourceTree = "<group>"; };
		D955E37119E67AD600047F2B /* SDWebImageDownloader.h */ = {isa = PBXFileReference; fileEncoding = 4; lastKnownFileType = sourcecode.c.h; path = SDWebImageDownloader.h; sourceTree = "<group>"; };
		D955E37219E67AD600047F2B /* SDWebImageDownloader.m */ = {isa = PBXFileReference; fileEncoding = 4; lastKnownFileType = sourcecode.c.objc; path = SDWebImageDownloader.m; sourceTree = "<group>"; };
		D955E37319E67AD600047F2B /* SDWebImageDownloaderOperation.h */ = {isa = PBXFileReference; fileEncoding = 4; lastKnownFileType = sourcecode.c.h; path = SDWebImageDownloaderOperation.h; sourceTree = "<group>"; };
		D955E37419E67AD600047F2B /* SDWebImageDownloaderOperation.m */ = {isa = PBXFileReference; fileEncoding = 4; lastKnownFileType = sourcecode.c.objc; path = SDWebImageDownloaderOperation.m; sourceTree = "<group>"; };
		D955E37519E67AD600047F2B /* SDWebImageManager.h */ = {isa = PBXFileReference; fileEncoding = 4; lastKnownFileType = sourcecode.c.h; path = SDWebImageManager.h; sourceTree = "<group>"; };
		D955E37619E67AD600047F2B /* SDWebImageManager.m */ = {isa = PBXFileReference; fileEncoding = 4; lastKnownFileType = sourcecode.c.objc; path = SDWebImageManager.m; sourceTree = "<group>"; };
		D955E37719E67AD600047F2B /* SDWebImageOperation.h */ = {isa = PBXFileReference; fileEncoding = 4; lastKnownFileType = sourcecode.c.h; path = SDWebImageOperation.h; sourceTree = "<group>"; };
		D955E37819E67AD600047F2B /* SDWebImagePrefetcher.h */ = {isa = PBXFileReference; fileEncoding = 4; lastKnownFileType = sourcecode.c.h; path = SDWebImagePrefetcher.h; sourceTree = "<group>"; };
		D955E37919E67AD600047F2B /* SDWebImagePrefetcher.m */ = {isa = PBXFileReference; fileEncoding = 4; lastKnownFileType = sourcecode.c.objc; path = SDWebImagePrefetcher.m; sourceTree = "<group>"; };
		D955E37A19E67AD600047F2B /* UIButton+WebCache.h */ = {isa = PBXFileReference; fileEncoding = 4; lastKnownFileType = sourcecode.c.h; path = "UIButton+WebCache.h"; sourceTree = "<group>"; };
		D955E37B19E67AD600047F2B /* UIButton+WebCache.m */ = {isa = PBXFileReference; fileEncoding = 4; lastKnownFileType = sourcecode.c.objc; path = "UIButton+WebCache.m"; sourceTree = "<group>"; };
		D955E37C19E67AD600047F2B /* UIImage+GIF.h */ = {isa = PBXFileReference; fileEncoding = 4; lastKnownFileType = sourcecode.c.h; path = "UIImage+GIF.h"; sourceTree = "<group>"; };
		D955E37D19E67AD600047F2B /* UIImage+GIF.m */ = {isa = PBXFileReference; fileEncoding = 4; lastKnownFileType = sourcecode.c.objc; path = "UIImage+GIF.m"; sourceTree = "<group>"; };
		D955E37E19E67AD600047F2B /* UIImage+MultiFormat.h */ = {isa = PBXFileReference; fileEncoding = 4; lastKnownFileType = sourcecode.c.h; path = "UIImage+MultiFormat.h"; sourceTree = "<group>"; };
		D955E37F19E67AD600047F2B /* UIImage+MultiFormat.m */ = {isa = PBXFileReference; fileEncoding = 4; lastKnownFileType = sourcecode.c.objc; path = "UIImage+MultiFormat.m"; sourceTree = "<group>"; };
		D955E38019E67AD600047F2B /* UIImage+WebP.h */ = {isa = PBXFileReference; fileEncoding = 4; lastKnownFileType = sourcecode.c.h; path = "UIImage+WebP.h"; sourceTree = "<group>"; };
		D955E38119E67AD600047F2B /* UIImage+WebP.m */ = {isa = PBXFileReference; fileEncoding = 4; lastKnownFileType = sourcecode.c.objc; path = "UIImage+WebP.m"; sourceTree = "<group>"; };
		D955E38219E67AD600047F2B /* UIImageView+HighlightedWebCache.h */ = {isa = PBXFileReference; fileEncoding = 4; lastKnownFileType = sourcecode.c.h; path = "UIImageView+HighlightedWebCache.h"; sourceTree = "<group>"; };
		D955E38319E67AD600047F2B /* UIImageView+HighlightedWebCache.m */ = {isa = PBXFileReference; fileEncoding = 4; lastKnownFileType = sourcecode.c.objc; path = "UIImageView+HighlightedWebCache.m"; sourceTree = "<group>"; };
		D955E38419E67AD600047F2B /* UIImageView+WebCache.h */ = {isa = PBXFileReference; fileEncoding = 4; lastKnownFileType = sourcecode.c.h; path = "UIImageView+WebCache.h"; sourceTree = "<group>"; };
		D955E38519E67AD600047F2B /* UIImageView+WebCache.m */ = {isa = PBXFileReference; fileEncoding = 4; lastKnownFileType = sourcecode.c.objc; path = "UIImageView+WebCache.m"; sourceTree = "<group>"; };
		D955E38619E67AD600047F2B /* UIView+WebCacheOperation.h */ = {isa = PBXFileReference; fileEncoding = 4; lastKnownFileType = sourcecode.c.h; path = "UIView+WebCacheOperation.h"; sourceTree = "<group>"; };
		D955E38719E67AD600047F2B /* UIView+WebCacheOperation.m */ = {isa = PBXFileReference; fileEncoding = 4; lastKnownFileType = sourcecode.c.objc; path = "UIView+WebCacheOperation.m"; sourceTree = "<group>"; };
		D955E39819E682D900047F2B /* DestinationCollectionHeaderView.h */ = {isa = PBXFileReference; fileEncoding = 4; lastKnownFileType = sourcecode.c.h; path = DestinationCollectionHeaderView.h; sourceTree = "<group>"; };
		D955E39919E682D900047F2B /* DestinationCollectionHeaderView.m */ = {isa = PBXFileReference; fileEncoding = 4; lastKnownFileType = sourcecode.c.objc; path = DestinationCollectionHeaderView.m; sourceTree = "<group>"; };
		D955E39B19E6B69100047F2B /* ForeignDestinationCell.h */ = {isa = PBXFileReference; fileEncoding = 4; lastKnownFileType = sourcecode.c.h; path = ForeignDestinationCell.h; sourceTree = "<group>"; };
		D955E39C19E6B69100047F2B /* ForeignDestinationCell.m */ = {isa = PBXFileReference; fileEncoding = 4; lastKnownFileType = sourcecode.c.objc; path = ForeignDestinationCell.m; sourceTree = "<group>"; };
		D955E39D19E6B69100047F2B /* ForeignDestinationCell.xib */ = {isa = PBXFileReference; fileEncoding = 4; lastKnownFileType = file.xib; path = ForeignDestinationCell.xib; sourceTree = "<group>"; };
		D955E3A019E6B9AC00047F2B /* DestinationCountryPoi.h */ = {isa = PBXFileReference; fileEncoding = 4; lastKnownFileType = sourcecode.c.h; path = DestinationCountryPoi.h; sourceTree = "<group>"; };
		D955E3A119E6B9AC00047F2B /* DestinationCountryPoi.m */ = {isa = PBXFileReference; fileEncoding = 4; lastKnownFileType = sourcecode.c.objc; path = DestinationCountryPoi.m; sourceTree = "<group>"; };
		D99D8EC519C8600C0021C25B /* PeachTravel.app */ = {isa = PBXFileReference; explicitFileType = wrapper.application; includeInIndex = 0; path = PeachTravel.app; sourceTree = BUILT_PRODUCTS_DIR; };
		D99D8EC919C8600C0021C25B /* Info.plist */ = {isa = PBXFileReference; lastKnownFileType = text.plist.xml; path = Info.plist; sourceTree = "<group>"; };
		D99D8ECA19C8600C0021C25B /* main.m */ = {isa = PBXFileReference; lastKnownFileType = sourcecode.c.objc; path = main.m; sourceTree = "<group>"; };
		D99D8ECC19C8600C0021C25B /* AppDelegate.h */ = {isa = PBXFileReference; lastKnownFileType = sourcecode.c.h; path = AppDelegate.h; sourceTree = "<group>"; };
		D99D8ECD19C8600C0021C25B /* AppDelegate.m */ = {isa = PBXFileReference; lastKnownFileType = sourcecode.c.objc; path = AppDelegate.m; sourceTree = "<group>"; };
		D99D8ED319C8600C0021C25B /* Base */ = {isa = PBXFileReference; lastKnownFileType = file.storyboard; name = Base; path = Base.lproj/Main.storyboard; sourceTree = "<group>"; };
		D99D8ED519C8600C0021C25B /* Images.xcassets */ = {isa = PBXFileReference; lastKnownFileType = folder.assetcatalog; path = Images.xcassets; sourceTree = "<group>"; };
		D99D8ED819C8600C0021C25B /* Base */ = {isa = PBXFileReference; lastKnownFileType = file.xib; name = Base; path = Base.lproj/LaunchScreen.xib; sourceTree = "<group>"; };
		D99D8EDE19C8600C0021C25B /* PeachTravelTests.xctest */ = {isa = PBXFileReference; explicitFileType = wrapper.cfbundle; includeInIndex = 0; path = PeachTravelTests.xctest; sourceTree = BUILT_PRODUCTS_DIR; };
		D99D8EE319C8600C0021C25B /* Info.plist */ = {isa = PBXFileReference; lastKnownFileType = text.plist.xml; path = Info.plist; sourceTree = "<group>"; };
		D99D8EE419C8600C0021C25B /* PeachTravelTests.m */ = {isa = PBXFileReference; lastKnownFileType = sourcecode.c.objc; path = PeachTravelTests.m; sourceTree = "<group>"; };
		D9F3613419E41A51000F379F /* MineTableViewController.h */ = {isa = PBXFileReference; fileEncoding = 4; lastKnownFileType = sourcecode.c.h; path = MineTableViewController.h; sourceTree = "<group>"; };
		D9F3613519E41A51000F379F /* MineTableViewController.m */ = {isa = PBXFileReference; fileEncoding = 4; lastKnownFileType = sourcecode.c.objc; path = MineTableViewController.m; sourceTree = "<group>"; };
		D9F3613C19E42360000F379F /* LoginTableViewCell.h */ = {isa = PBXFileReference; fileEncoding = 4; lastKnownFileType = sourcecode.c.h; path = LoginTableViewCell.h; sourceTree = "<group>"; };
		D9F3613D19E42360000F379F /* LoginTableViewCell.m */ = {isa = PBXFileReference; fileEncoding = 4; lastKnownFileType = sourcecode.c.objc; path = LoginTableViewCell.m; sourceTree = "<group>"; };
		D9F3613E19E42360000F379F /* LoginTableViewCell.xib */ = {isa = PBXFileReference; fileEncoding = 4; lastKnownFileType = file.xib; path = LoginTableViewCell.xib; sourceTree = "<group>"; };
/* End PBXFileReference section */

/* Begin PBXFrameworksBuildPhase section */
		D99D8EC219C8600C0021C25B /* Frameworks */ = {
			isa = PBXFrameworksBuildPhase;
			buildActionMask = 2147483647;
			files = (
			);
			runOnlyForDeploymentPostprocessing = 0;
		};
		D99D8EDB19C8600C0021C25B /* Frameworks */ = {
			isa = PBXFrameworksBuildPhase;
			buildActionMask = 2147483647;
			files = (
			);
			runOnlyForDeploymentPostprocessing = 0;
		};
/* End PBXFrameworksBuildPhase section */

/* Begin PBXGroup section */
		D955E34919E6306C00047F2B /* Destination */ = {
			isa = PBXGroup;
			children = (
				D955E34C19E630AC00047F2B /* Views */,
				D955E34B19E6309700047F2B /* Model */,
				D955E34A19E6307700047F2B /* ViewControllers */,
			);
			name = Destination;
			sourceTree = "<group>";
		};
		D955E34A19E6307700047F2B /* ViewControllers */ = {
			isa = PBXGroup;
			children = (
				D955E34D19E6508D00047F2B /* DestinationViewController.h */,
				D955E34E19E6508D00047F2B /* DestinationViewController.m */,
			);
			name = ViewControllers;
			sourceTree = "<group>";
		};
		D955E34B19E6309700047F2B /* Model */ = {
			isa = PBXGroup;
			children = (
				D955E35919E6634100047F2B /* Destinations.h */,
				D955E35A19E6634100047F2B /* Destinations.m */,
				D955E35C19E6694500047F2B /* DestinationCityPoi.h */,
				D955E35D19E6694500047F2B /* DestinationCityPoi.m */,
				D955E3A019E6B9AC00047F2B /* DestinationCountryPoi.h */,
				D955E3A119E6B9AC00047F2B /* DestinationCountryPoi.m */,
			);
			name = Model;
			sourceTree = "<group>";
		};
		D955E34C19E630AC00047F2B /* Views */ = {
			isa = PBXGroup;
			children = (
				D955E35819E65E6F00047F2B /* Cells */,
				D955E35019E6538B00047F2B /* DestinationToolBar.h */,
				D955E35119E6538B00047F2B /* DestinationToolBar.m */,
				D955E39819E682D900047F2B /* DestinationCollectionHeaderView.h */,
				D955E39919E682D900047F2B /* DestinationCollectionHeaderView.m */,
			);
			name = Views;
			sourceTree = "<group>";
		};
		D955E35819E65E6F00047F2B /* Cells */ = {
			isa = PBXGroup;
			children = (
				D955E35319E65D1B00047F2B /* DomesticDestinationCell.h */,
				D955E35419E65D1B00047F2B /* DomesticDestinationCell.m */,
				D955E35519E65D1B00047F2B /* DomesticDestinationCell.xib */,
				D955E39B19E6B69100047F2B /* ForeignDestinationCell.h */,
				D955E39C19E6B69100047F2B /* ForeignDestinationCell.m */,
				D955E39D19E6B69100047F2B /* ForeignDestinationCell.xib */,
			);
			name = Cells;
			sourceTree = "<group>";
		};
		D955E35F19E6698B00047F2B /* Base */ = {
			isa = PBXGroup;
			children = (
				D955E36019E6699700047F2B /* SuperClass */,
			);
			name = Base;
			sourceTree = "<group>";
		};
		D955E36019E6699700047F2B /* SuperClass */ = {
			isa = PBXGroup;
			children = (
				D955E36119E669AF00047F2B /* SuperPoi.h */,
				D955E36219E669AF00047F2B /* SuperPoi.m */,
			);
			name = SuperClass;
			sourceTree = "<group>";
		};
		D955E36419E67AC700047F2B /* Common */ = {
			isa = PBXGroup;
			children = (
				D955E36519E67ACD00047F2B /* libs */,
			);
			name = Common;
			sourceTree = "<group>";
		};
		D955E36519E67ACD00047F2B /* libs */ = {
			isa = PBXGroup;
			children = (
				D955E36619E67AD600047F2B /* SDWebImage */,
			);
			name = libs;
			sourceTree = "<group>";
		};
		D955E36619E67AD600047F2B /* SDWebImage */ = {
			isa = PBXGroup;
			children = (
				D955E36719E67AD600047F2B /* MKAnnotationView+WebCache.h */,
				D955E36819E67AD600047F2B /* MKAnnotationView+WebCache.m */,
				D955E36919E67AD600047F2B /* NSData+ImageContentType.h */,
				D955E36A19E67AD600047F2B /* NSData+ImageContentType.m */,
				D955E36B19E67AD600047F2B /* SDImageCache.h */,
				D955E36C19E67AD600047F2B /* SDImageCache.m */,
				D955E36D19E67AD600047F2B /* SDWebImageCompat.h */,
				D955E36E19E67AD600047F2B /* SDWebImageCompat.m */,
				D955E36F19E67AD600047F2B /* SDWebImageDecoder.h */,
				D955E37019E67AD600047F2B /* SDWebImageDecoder.m */,
				D955E37119E67AD600047F2B /* SDWebImageDownloader.h */,
				D955E37219E67AD600047F2B /* SDWebImageDownloader.m */,
				D955E37319E67AD600047F2B /* SDWebImageDownloaderOperation.h */,
				D955E37419E67AD600047F2B /* SDWebImageDownloaderOperation.m */,
				D955E37519E67AD600047F2B /* SDWebImageManager.h */,
				D955E37619E67AD600047F2B /* SDWebImageManager.m */,
				D955E37719E67AD600047F2B /* SDWebImageOperation.h */,
				D955E37819E67AD600047F2B /* SDWebImagePrefetcher.h */,
				D955E37919E67AD600047F2B /* SDWebImagePrefetcher.m */,
				D955E37A19E67AD600047F2B /* UIButton+WebCache.h */,
				D955E37B19E67AD600047F2B /* UIButton+WebCache.m */,
				D955E37C19E67AD600047F2B /* UIImage+GIF.h */,
				D955E37D19E67AD600047F2B /* UIImage+GIF.m */,
				D955E37E19E67AD600047F2B /* UIImage+MultiFormat.h */,
				D955E37F19E67AD600047F2B /* UIImage+MultiFormat.m */,
				D955E38019E67AD600047F2B /* UIImage+WebP.h */,
				D955E38119E67AD600047F2B /* UIImage+WebP.m */,
				D955E38219E67AD600047F2B /* UIImageView+HighlightedWebCache.h */,
				D955E38319E67AD600047F2B /* UIImageView+HighlightedWebCache.m */,
				D955E38419E67AD600047F2B /* UIImageView+WebCache.h */,
				D955E38519E67AD600047F2B /* UIImageView+WebCache.m */,
				D955E38619E67AD600047F2B /* UIView+WebCacheOperation.h */,
				D955E38719E67AD600047F2B /* UIView+WebCacheOperation.m */,
			);
			path = SDWebImage;
			sourceTree = "<group>";
		};
		D99D8EBC19C8600C0021C25B = {
			isa = PBXGroup;
			children = (
				D99D8EC719C8600C0021C25B /* PeachTravel */,
				D99D8EE119C8600C0021C25B /* PeachTravelTests */,
				D99D8EC619C8600C0021C25B /* Products */,
			);
			sourceTree = "<group>";
		};
		D99D8EC619C8600C0021C25B /* Products */ = {
			isa = PBXGroup;
			children = (
				D99D8EC519C8600C0021C25B /* PeachTravel.app */,
				D99D8EDE19C8600C0021C25B /* PeachTravelTests.xctest */,
			);
			name = Products;
			sourceTree = "<group>";
		};
		D99D8EC719C8600C0021C25B /* PeachTravel */ = {
			isa = PBXGroup;
			children = (
				D955E36419E67AC700047F2B /* Common */,
				D955E35F19E6698B00047F2B /* Base */,
				D9A5939119E3DA8E004A6072 /* TravelPlan */,
				D9A5939219E3DA9D004A6072 /* ToolBox */,
				D9A5939319E3DAB3004A6072 /* Me */,
				D99D8ED219C8600C0021C25B /* Main.storyboard */,
				D99D8ED519C8600C0021C25B /* Images.xcassets */,
				D99D8EC819C8600C0021C25B /* Supporting Files */,
			);
			path = PeachTravel;
			sourceTree = "<group>";
		};
		D99D8EC819C8600C0021C25B /* Supporting Files */ = {
			isa = PBXGroup;
			children = (
				D99D8ED719C8600C0021C25B /* LaunchScreen.xib */,
				D99D8ECC19C8600C0021C25B /* AppDelegate.h */,
				D99D8ECD19C8600C0021C25B /* AppDelegate.m */,
				D99D8EC919C8600C0021C25B /* Info.plist */,
				D99D8ECA19C8600C0021C25B /* main.m */,
			);
			name = "Supporting Files";
			sourceTree = "<group>";
		};
		D99D8EE119C8600C0021C25B /* PeachTravelTests */ = {
			isa = PBXGroup;
			children = (
				D99D8EE419C8600C0021C25B /* PeachTravelTests.m */,
				D99D8EE219C8600C0021C25B /* Supporting Files */,
			);
			path = PeachTravelTests;
			sourceTree = "<group>";
		};
		D99D8EE219C8600C0021C25B /* Supporting Files */ = {
			isa = PBXGroup;
			children = (
				D99D8EE319C8600C0021C25B /* Info.plist */,
			);
			name = "Supporting Files";
			sourceTree = "<group>";
		};
		D9A5939119E3DA8E004A6072 /* TravelPlan */ = {
			isa = PBXGroup;
			children = (
				D955E34919E6306C00047F2B /* Destination */,
			);
			name = TravelPlan;
			sourceTree = "<group>";
		};
		D9A5939219E3DA9D004A6072 /* ToolBox */ = {
			isa = PBXGroup;
			children = (
			);
			name = ToolBox;
			sourceTree = "<group>";
		};
		D9A5939319E3DAB3004A6072 /* Me */ = {
			isa = PBXGroup;
			children = (
				D9E6BFAF19E3E57600C750AC /* Root */,
			);
			name = Me;
			sourceTree = "<group>";
		};
		D9E6BFAC19E3E4AF00C750AC /* ViewControllers */ = {
			isa = PBXGroup;
			children = (
				D9F3613419E41A51000F379F /* MineTableViewController.h */,
				D9F3613519E41A51000F379F /* MineTableViewController.m */,
			);
			name = ViewControllers;
			sourceTree = "<group>";
		};
		D9E6BFAD19E3E4B700C750AC /* Views */ = {
			isa = PBXGroup;
			children = (
				D9F3613C19E42360000F379F /* LoginTableViewCell.h */,
				D9F3613D19E42360000F379F /* LoginTableViewCell.m */,
				D9F3613E19E42360000F379F /* LoginTableViewCell.xib */,
			);
			name = Views;
			sourceTree = "<group>";
		};
		D9E6BFAE19E3E4C200C750AC /* Model */ = {
			isa = PBXGroup;
			children = (
			);
			name = Model;
			sourceTree = "<group>";
		};
		D9E6BFAF19E3E57600C750AC /* Root */ = {
			isa = PBXGroup;
			children = (
				D9E6BFAE19E3E4C200C750AC /* Model */,
				D9E6BFAD19E3E4B700C750AC /* Views */,
				D9E6BFAC19E3E4AF00C750AC /* ViewControllers */,
			);
			name = Root;
			sourceTree = "<group>";
		};
/* End PBXGroup section */

/* Begin PBXNativeTarget section */
		D99D8EC419C8600C0021C25B /* PeachTravel */ = {
			isa = PBXNativeTarget;
			buildConfigurationList = D99D8EE819C8600C0021C25B /* Build configuration list for PBXNativeTarget "PeachTravel" */;
			buildPhases = (
				D99D8EC119C8600C0021C25B /* Sources */,
				D99D8EC219C8600C0021C25B /* Frameworks */,
				D99D8EC319C8600C0021C25B /* Resources */,
			);
			buildRules = (
			);
			dependencies = (
			);
			name = PeachTravel;
			productName = PeachTravel;
			productReference = D99D8EC519C8600C0021C25B /* PeachTravel.app */;
			productType = "com.apple.product-type.application";
		};
		D99D8EDD19C8600C0021C25B /* PeachTravelTests */ = {
			isa = PBXNativeTarget;
			buildConfigurationList = D99D8EEB19C8600C0021C25B /* Build configuration list for PBXNativeTarget "PeachTravelTests" */;
			buildPhases = (
				D99D8EDA19C8600C0021C25B /* Sources */,
				D99D8EDB19C8600C0021C25B /* Frameworks */,
				D99D8EDC19C8600C0021C25B /* Resources */,
			);
			buildRules = (
			);
			dependencies = (
				D99D8EE019C8600C0021C25B /* PBXTargetDependency */,
			);
			name = PeachTravelTests;
			productName = PeachTravelTests;
			productReference = D99D8EDE19C8600C0021C25B /* PeachTravelTests.xctest */;
			productType = "com.apple.product-type.bundle.unit-test";
		};
/* End PBXNativeTarget section */

/* Begin PBXProject section */
		D99D8EBD19C8600C0021C25B /* Project object */ = {
			isa = PBXProject;
			attributes = {
				LastUpgradeCheck = 0600;
				ORGANIZATIONNAME = com.aizou.www;
				TargetAttributes = {
					D99D8EC419C8600C0021C25B = {
						CreatedOnToolsVersion = 6.0;
					};
					D99D8EDD19C8600C0021C25B = {
						CreatedOnToolsVersion = 6.0;
						TestTargetID = D99D8EC419C8600C0021C25B;
					};
				};
			};
			buildConfigurationList = D99D8EC019C8600C0021C25B /* Build configuration list for PBXProject "PeachTravel" */;
			compatibilityVersion = "Xcode 3.2";
			developmentRegion = English;
			hasScannedForEncodings = 0;
			knownRegions = (
				en,
				Base,
			);
			mainGroup = D99D8EBC19C8600C0021C25B;
			productRefGroup = D99D8EC619C8600C0021C25B /* Products */;
			projectDirPath = "";
			projectRoot = "";
			targets = (
				D99D8EC419C8600C0021C25B /* PeachTravel */,
				D99D8EDD19C8600C0021C25B /* PeachTravelTests */,
			);
		};
/* End PBXProject section */

/* Begin PBXResourcesBuildPhase section */
		D99D8EC319C8600C0021C25B /* Resources */ = {
			isa = PBXResourcesBuildPhase;
			buildActionMask = 2147483647;
			files = (
				D99D8ED419C8600C0021C25B /* Main.storyboard in Resources */,
				D99D8ED919C8600C0021C25B /* LaunchScreen.xib in Resources */,
				D99D8ED619C8600C0021C25B /* Images.xcassets in Resources */,
				D955E39F19E6B69100047F2B /* ForeignDestinationCell.xib in Resources */,
				D9F3614019E42360000F379F /* LoginTableViewCell.xib in Resources */,
				D955E35719E65D1B00047F2B /* DomesticDestinationCell.xib in Resources */,
			);
			runOnlyForDeploymentPostprocessing = 0;
		};
		D99D8EDC19C8600C0021C25B /* Resources */ = {
			isa = PBXResourcesBuildPhase;
			buildActionMask = 2147483647;
			files = (
			);
			runOnlyForDeploymentPostprocessing = 0;
		};
/* End PBXResourcesBuildPhase section */

/* Begin PBXSourcesBuildPhase section */
		D99D8EC119C8600C0021C25B /* Sources */ = {
			isa = PBXSourcesBuildPhase;
			buildActionMask = 2147483647;
			files = (
				D955E36319E669B000047F2B /* SuperPoi.m in Sources */,
				D955E38819E67AD600047F2B /* MKAnnotationView+WebCache.m in Sources */,
				D955E35219E6538B00047F2B /* DestinationToolBar.m in Sources */,
				D955E39019E67AD600047F2B /* SDWebImagePrefetcher.m in Sources */,
				D955E38F19E67AD600047F2B /* SDWebImageManager.m in Sources */,
				D9F3613619E41A51000F379F /* MineTableViewController.m in Sources */,
				D955E34F19E6508D00047F2B /* DestinationViewController.m in Sources */,
				D955E39619E67AD600047F2B /* UIImageView+WebCache.m in Sources */,
				D955E38B19E67AD600047F2B /* SDWebImageCompat.m in Sources */,
				D99D8ECE19C8600C0021C25B /* AppDelegate.m in Sources */,
				D955E38C19E67AD600047F2B /* SDWebImageDecoder.m in Sources */,
				D955E39319E67AD600047F2B /* UIImage+MultiFormat.m in Sources */,
				D955E39419E67AD600047F2B /* UIImage+WebP.m in Sources */,
				D955E38E19E67AD600047F2B /* SDWebImageDownloaderOperation.m in Sources */,
				D955E39719E67AD600047F2B /* UIView+WebCacheOperation.m in Sources */,
				D955E39E19E6B69100047F2B /* ForeignDestinationCell.m in Sources */,
				D955E38D19E67AD600047F2B /* SDWebImageDownloader.m in Sources */,
				D955E39219E67AD600047F2B /* UIImage+GIF.m in Sources */,
				D955E3A219E6B9AC00047F2B /* DestinationCountryPoi.m in Sources */,
				D99D8ECB19C8600C0021C25B /* main.m in Sources */,
				D955E35619E65D1B00047F2B /* DomesticDestinationCell.m in Sources */,
				D955E35B19E6634100047F2B /* Destinations.m in Sources */,
				D955E39A19E682D900047F2B /* DestinationCollectionHeaderView.m in Sources */,
				D955E39519E67AD600047F2B /* UIImageView+HighlightedWebCache.m in Sources */,
				D955E35E19E6694500047F2B /* DestinationCityPoi.m in Sources */,
				D955E38A19E67AD600047F2B /* SDImageCache.m in Sources */,
				D955E39119E67AD600047F2B /* UIButton+WebCache.m in Sources */,
				D955E38919E67AD600047F2B /* NSData+ImageContentType.m in Sources */,
				D9F3613F19E42360000F379F /* LoginTableViewCell.m in Sources */,
			);
			runOnlyForDeploymentPostprocessing = 0;
		};
		D99D8EDA19C8600C0021C25B /* Sources */ = {
			isa = PBXSourcesBuildPhase;
			buildActionMask = 2147483647;
			files = (
				D99D8EE519C8600C0021C25B /* PeachTravelTests.m in Sources */,
			);
			runOnlyForDeploymentPostprocessing = 0;
		};
/* End PBXSourcesBuildPhase section */

/* Begin PBXTargetDependency section */
		D99D8EE019C8600C0021C25B /* PBXTargetDependency */ = {
			isa = PBXTargetDependency;
			target = D99D8EC419C8600C0021C25B /* PeachTravel */;
			targetProxy = D99D8EDF19C8600C0021C25B /* PBXContainerItemProxy */;
		};
/* End PBXTargetDependency section */

/* Begin PBXVariantGroup section */
		D99D8ED219C8600C0021C25B /* Main.storyboard */ = {
			isa = PBXVariantGroup;
			children = (
				D99D8ED319C8600C0021C25B /* Base */,
			);
			name = Main.storyboard;
			sourceTree = "<group>";
		};
		D99D8ED719C8600C0021C25B /* LaunchScreen.xib */ = {
			isa = PBXVariantGroup;
			children = (
				D99D8ED819C8600C0021C25B /* Base */,
			);
			name = LaunchScreen.xib;
			sourceTree = "<group>";
		};
/* End PBXVariantGroup section */

/* Begin XCBuildConfiguration section */
		D99D8EE619C8600C0021C25B /* Debug */ = {
			isa = XCBuildConfiguration;
			buildSettings = {
				ALWAYS_SEARCH_USER_PATHS = NO;
				CLANG_CXX_LANGUAGE_STANDARD = "gnu++0x";
				CLANG_CXX_LIBRARY = "libc++";
				CLANG_ENABLE_MODULES = YES;
				CLANG_ENABLE_OBJC_ARC = YES;
				CLANG_WARN_BOOL_CONVERSION = YES;
				CLANG_WARN_CONSTANT_CONVERSION = YES;
				CLANG_WARN_DIRECT_OBJC_ISA_USAGE = YES_ERROR;
				CLANG_WARN_EMPTY_BODY = YES;
				CLANG_WARN_ENUM_CONVERSION = YES;
				CLANG_WARN_INT_CONVERSION = YES;
				CLANG_WARN_OBJC_ROOT_CLASS = YES_ERROR;
				CLANG_WARN_UNREACHABLE_CODE = YES;
				CLANG_WARN__DUPLICATE_METHOD_MATCH = YES;
				"CODE_SIGN_IDENTITY[sdk=iphoneos*]" = "iPhone Developer";
				COPY_PHASE_STRIP = NO;
				ENABLE_STRICT_OBJC_MSGSEND = YES;
				GCC_C_LANGUAGE_STANDARD = gnu99;
				GCC_DYNAMIC_NO_PIC = NO;
				GCC_OPTIMIZATION_LEVEL = 0;
				GCC_PREPROCESSOR_DEFINITIONS = (
					"DEBUG=1",
					"$(inherited)",
				);
				GCC_SYMBOLS_PRIVATE_EXTERN = NO;
				GCC_WARN_64_TO_32_BIT_CONVERSION = YES;
				GCC_WARN_ABOUT_RETURN_TYPE = YES_ERROR;
				GCC_WARN_UNDECLARED_SELECTOR = YES;
				GCC_WARN_UNINITIALIZED_AUTOS = YES_AGGRESSIVE;
				GCC_WARN_UNUSED_FUNCTION = YES;
				GCC_WARN_UNUSED_VARIABLE = YES;
				IPHONEOS_DEPLOYMENT_TARGET = 8.0;
				MTL_ENABLE_DEBUG_INFO = YES;
				ONLY_ACTIVE_ARCH = YES;
				SDKROOT = iphoneos;
			};
			name = Debug;
		};
		D99D8EE719C8600C0021C25B /* Release */ = {
			isa = XCBuildConfiguration;
			buildSettings = {
				ALWAYS_SEARCH_USER_PATHS = NO;
				CLANG_CXX_LANGUAGE_STANDARD = "gnu++0x";
				CLANG_CXX_LIBRARY = "libc++";
				CLANG_ENABLE_MODULES = YES;
				CLANG_ENABLE_OBJC_ARC = YES;
				CLANG_WARN_BOOL_CONVERSION = YES;
				CLANG_WARN_CONSTANT_CONVERSION = YES;
				CLANG_WARN_DIRECT_OBJC_ISA_USAGE = YES_ERROR;
				CLANG_WARN_EMPTY_BODY = YES;
				CLANG_WARN_ENUM_CONVERSION = YES;
				CLANG_WARN_INT_CONVERSION = YES;
				CLANG_WARN_OBJC_ROOT_CLASS = YES_ERROR;
				CLANG_WARN_UNREACHABLE_CODE = YES;
				CLANG_WARN__DUPLICATE_METHOD_MATCH = YES;
				"CODE_SIGN_IDENTITY[sdk=iphoneos*]" = "iPhone Developer";
				COPY_PHASE_STRIP = YES;
				ENABLE_NS_ASSERTIONS = NO;
				ENABLE_STRICT_OBJC_MSGSEND = YES;
				GCC_C_LANGUAGE_STANDARD = gnu99;
				GCC_WARN_64_TO_32_BIT_CONVERSION = YES;
				GCC_WARN_ABOUT_RETURN_TYPE = YES_ERROR;
				GCC_WARN_UNDECLARED_SELECTOR = YES;
				GCC_WARN_UNINITIALIZED_AUTOS = YES_AGGRESSIVE;
				GCC_WARN_UNUSED_FUNCTION = YES;
				GCC_WARN_UNUSED_VARIABLE = YES;
				IPHONEOS_DEPLOYMENT_TARGET = 8.0;
				MTL_ENABLE_DEBUG_INFO = NO;
				SDKROOT = iphoneos;
				VALIDATE_PRODUCT = YES;
			};
			name = Release;
		};
		D99D8EE919C8600C0021C25B /* Debug */ = {
			isa = XCBuildConfiguration;
			buildSettings = {
				ASSETCATALOG_COMPILER_APPICON_NAME = AppIcon;
				INFOPLIST_FILE = PeachTravel/Info.plist;
				IPHONEOS_DEPLOYMENT_TARGET = 7.0;
				LD_RUNPATH_SEARCH_PATHS = "$(inherited) @executable_path/Frameworks";
				OTHER_LDFLAGS = "-Objc";
				PRODUCT_NAME = "$(TARGET_NAME)";
			};
			name = Debug;
		};
		D99D8EEA19C8600C0021C25B /* Release */ = {
			isa = XCBuildConfiguration;
			buildSettings = {
				ASSETCATALOG_COMPILER_APPICON_NAME = AppIcon;
				INFOPLIST_FILE = PeachTravel/Info.plist;
				IPHONEOS_DEPLOYMENT_TARGET = 7.0;
				LD_RUNPATH_SEARCH_PATHS = "$(inherited) @executable_path/Frameworks";
				OTHER_LDFLAGS = "-Objc";
				PRODUCT_NAME = "$(TARGET_NAME)";
			};
			name = Release;
		};
		D99D8EEC19C8600C0021C25B /* Debug */ = {
			isa = XCBuildConfiguration;
			buildSettings = {
				BUNDLE_LOADER = "$(TEST_HOST)";
				FRAMEWORK_SEARCH_PATHS = (
					"$(SDKROOT)/Developer/Library/Frameworks",
					"$(inherited)",
				);
				GCC_PREPROCESSOR_DEFINITIONS = (
					"DEBUG=1",
					"$(inherited)",
				);
				INFOPLIST_FILE = PeachTravelTests/Info.plist;
				LD_RUNPATH_SEARCH_PATHS = "$(inherited) @executable_path/Frameworks @loader_path/Frameworks";
				PRODUCT_NAME = "$(TARGET_NAME)";
				TEST_HOST = "$(BUILT_PRODUCTS_DIR)/PeachTravel.app/PeachTravel";
			};
			name = Debug;
		};
		D99D8EED19C8600C0021C25B /* Release */ = {
			isa = XCBuildConfiguration;
			buildSettings = {
				BUNDLE_LOADER = "$(TEST_HOST)";
				FRAMEWORK_SEARCH_PATHS = (
					"$(SDKROOT)/Developer/Library/Frameworks",
					"$(inherited)",
				);
				INFOPLIST_FILE = PeachTravelTests/Info.plist;
				LD_RUNPATH_SEARCH_PATHS = "$(inherited) @executable_path/Frameworks @loader_path/Frameworks";
				PRODUCT_NAME = "$(TARGET_NAME)";
				TEST_HOST = "$(BUILT_PRODUCTS_DIR)/PeachTravel.app/PeachTravel";
			};
			name = Release;
		};
/* End XCBuildConfiguration section */

/* Begin XCConfigurationList section */
		D99D8EC019C8600C0021C25B /* Build configuration list for PBXProject "PeachTravel" */ = {
			isa = XCConfigurationList;
			buildConfigurations = (
				D99D8EE619C8600C0021C25B /* Debug */,
				D99D8EE719C8600C0021C25B /* Release */,
			);
			defaultConfigurationIsVisible = 0;
			defaultConfigurationName = Release;
		};
		D99D8EE819C8600C0021C25B /* Build configuration list for PBXNativeTarget "PeachTravel" */ = {
			isa = XCConfigurationList;
			buildConfigurations = (
				D99D8EE919C8600C0021C25B /* Debug */,
				D99D8EEA19C8600C0021C25B /* Release */,
			);
			defaultConfigurationIsVisible = 0;
			defaultConfigurationName = Release;
		};
		D99D8EEB19C8600C0021C25B /* Build configuration list for PBXNativeTarget "PeachTravelTests" */ = {
			isa = XCConfigurationList;
			buildConfigurations = (
				D99D8EEC19C8600C0021C25B /* Debug */,
				D99D8EED19C8600C0021C25B /* Release */,
			);
			defaultConfigurationIsVisible = 0;
			defaultConfigurationName = Release;
		};
/* End XCConfigurationList section */
	};
	rootObject = D99D8EBD19C8600C0021C25B /* Project object */;
}
